// !$*UTF8*$!
{
	archiveVersion = 1;
	classes = {
	};
	objectVersion = 46;
	objects = {

/* Begin PBXBuildFile section */
		0B2768A21D78E6E100EA659D /* AppDelegate.swift in Sources */ = {isa = PBXBuildFile; fileRef = 0B2768A11D78E6E100EA659D /* AppDelegate.swift */; };
		0B2768A41D78E6E100EA659D /* ViewController.swift in Sources */ = {isa = PBXBuildFile; fileRef = 0B2768A31D78E6E100EA659D /* ViewController.swift */; };
		0B2768A71D78E6E100EA659D /* Main.storyboard in Resources */ = {isa = PBXBuildFile; fileRef = 0B2768A51D78E6E100EA659D /* Main.storyboard */; };
		0B2768A91D78E6E100EA659D /* Assets.xcassets in Resources */ = {isa = PBXBuildFile; fileRef = 0B2768A81D78E6E100EA659D /* Assets.xcassets */; };
		0B2768AC1D78E6E100EA659D /* LaunchScreen.storyboard in Resources */ = {isa = PBXBuildFile; fileRef = 0B2768AA1D78E6E100EA659D /* LaunchScreen.storyboard */; };
		0B2768B51D78E90D00EA659D /* Post.swift in Sources */ = {isa = PBXBuildFile; fileRef = 0B2768B41D78E90D00EA659D /* Post.swift */; };
/* End PBXBuildFile section */

/* Begin PBXFileReference section */
		0B27689E1D78E6E100EA659D /* my-hood.app */ = {isa = PBXFileReference; explicitFileType = wrapper.application; includeInIndex = 0; path = "my-hood.app"; sourceTree = BUILT_PRODUCTS_DIR; };
		0B2768A11D78E6E100EA659D /* AppDelegate.swift */ = {isa = PBXFileReference; lastKnownFileType = sourcecode.swift; path = AppDelegate.swift; sourceTree = "<group>"; };
		0B2768A31D78E6E100EA659D /* ViewController.swift */ = {isa = PBXFileReference; lastKnownFileType = sourcecode.swift; path = ViewController.swift; sourceTree = "<group>"; };
		0B2768A61D78E6E100EA659D /* Base */ = {isa = PBXFileReference; lastKnownFileType = file.storyboard; name = Base; path = Base.lproj/Main.storyboard; sourceTree = "<group>"; };
		0B2768A81D78E6E100EA659D /* Assets.xcassets */ = {isa = PBXFileReference; lastKnownFileType = folder.assetcatalog; path = Assets.xcassets; sourceTree = "<group>"; };
		0B2768AB1D78E6E100EA659D /* Base */ = {isa = PBXFileReference; lastKnownFileType = file.storyboard; name = Base; path = Base.lproj/LaunchScreen.storyboard; sourceTree = "<group>"; };
		0B2768AD1D78E6E100EA659D /* Info.plist */ = {isa = PBXFileReference; lastKnownFileType = text.plist.xml; path = Info.plist; sourceTree = "<group>"; };
		0B2768B41D78E90D00EA659D /* Post.swift */ = {isa = PBXFileReference; fileEncoding = 4; lastKnownFileType = sourcecode.swift; path = Post.swift; sourceTree = "<group>"; };
/* End PBXFileReference section */

/* Begin PBXFrameworksBuildPhase section */
		0B27689B1D78E6E100EA659D /* Frameworks */ = {
			isa = PBXFrameworksBuildPhase;
			buildActionMask = 2147483647;
			files = (
			);
			runOnlyForDeploymentPostprocessing = 0;
		};
/* End PBXFrameworksBuildPhase section */

/* Begin PBXGroup section */
		0B2768951D78E6E100EA659D = {
			isa = PBXGroup;
			children = (
				0B2768A01D78E6E100EA659D /* my-hood */,
				0B27689F1D78E6E100EA659D /* Products */,
			);
			sourceTree = "<group>";
		};
		0B27689F1D78E6E100EA659D /* Products */ = {
			isa = PBXGroup;
			children = (
				0B27689E1D78E6E100EA659D /* my-hood.app */,
			);
			name = Products;
			sourceTree = "<group>";
		};
		0B2768A01D78E6E100EA659D /* my-hood */ = {
			isa = PBXGroup;
			children = (
				0B2768B31D78E8FA00EA659D /* Model */,
				0B2768A11D78E6E100EA659D /* AppDelegate.swift */,
				0B2768A31D78E6E100EA659D /* ViewController.swift */,
				0B2768A51D78E6E100EA659D /* Main.storyboard */,
				0B2768A81D78E6E100EA659D /* Assets.xcassets */,
				0B2768AA1D78E6E100EA659D /* LaunchScreen.storyboard */,
				0B2768AD1D78E6E100EA659D /* Info.plist */,
			);
			path = "my-hood";
			sourceTree = "<group>";
		};
		0B2768B31D78E8FA00EA659D /* Model */ = {
			isa = PBXGroup;
			children = (
				0B2768B41D78E90D00EA659D /* Post.swift */,
			);
			name = Model;
			sourceTree = "<group>";
		};
/* End PBXGroup section */

/* Begin PBXNativeTarget section */
		0B27689D1D78E6E100EA659D /* my-hood */ = {
			isa = PBXNativeTarget;
			buildConfigurationList = 0B2768B01D78E6E100EA659D /* Build configuration list for PBXNativeTarget "my-hood" */;
			buildPhases = (
				0B27689A1D78E6E100EA659D /* Sources */,
				0B27689B1D78E6E100EA659D /* Frameworks */,
				0B27689C1D78E6E100EA659D /* Resources */,
			);
			buildRules = (
			);
			dependencies = (
			);
			name = "my-hood";
			productName = "my-hood";
			productReference = 0B27689E1D78E6E100EA659D /* my-hood.app */;
			productType = "com.apple.product-type.application";
		};
/* End PBXNativeTarget section */

/* Begin PBXProject section */
		0B2768961D78E6E100EA659D /* Project object */ = {
			isa = PBXProject;
			attributes = {
				LastSwiftUpdateCheck = 0730;
				LastUpgradeCheck = 0730;
				ORGANIZATIONNAME = "ACME Labs";
				TargetAttributes = {
					0B27689D1D78E6E100EA659D = {
						CreatedOnToolsVersion = 7.3;
					};
				};
			};
			buildConfigurationList = 0B2768991D78E6E100EA659D /* Build configuration list for PBXProject "my-hood" */;
			compatibilityVersion = "Xcode 3.2";
			developmentRegion = English;
			hasScannedForEncodings = 0;
			knownRegions = (
				en,
				Base,
			);
			mainGroup = 0B2768951D78E6E100EA659D;
			productRefGroup = 0B27689F1D78E6E100EA659D /* Products */;
			projectDirPath = "";
			projectRoot = "";
			targets = (
				0B27689D1D78E6E100EA659D /* my-hood */,
			);
		};
/* End PBXProject section */

/* Begin PBXResourcesBuildPhase section */
		0B27689C1D78E6E100EA659D /* Resources */ = {
			isa = PBXResourcesBuildPhase;
			buildActionMask = 2147483647;
			files = (
				0B2768AC1D78E6E100EA659D /* LaunchScreen.storyboard in Resources */,
				0B2768A91D78E6E100EA659D /* Assets.xcassets in Resources */,
				0B2768A71D78E6E100EA659D /* Main.storyboard in Resources */,
			);
			runOnlyForDeploymentPostprocessing = 0;
		};
/* End PBXResourcesBuildPhase section */

/* Begin PBXSourcesBuildPhase section */
		0B27689A1D78E6E100EA659D /* Sources */ = {
			isa = PBXSourcesBuildPhase;
			buildActionMask = 2147483647;
			files = (
				0B2768B51D78E90D00EA659D /* Post.swift in Sources */,
				0B2768A41D78E6E100EA659D /* ViewController.swift in Sources */,
				0B2768A21D78E6E100EA659D /* AppDelegate.swift in Sources */,
			);
			runOnlyForDeploymentPostprocessing = 0;
		};
/* End PBXSourcesBuildPhase section */

/* Begin PBXVariantGroup section */
		0B2768A51D78E6E100EA659D /* Main.storyboard */ = {
			isa = PBXVariantGroup;
			children = (
				0B2768A61D78E6E100EA659D /* Base */,
			);
			name = Main.storyboard;
			sourceTree = "<group>";
		};
		0B2768AA1D78E6E100EA659D /* LaunchScreen.storyboard */ = {
			isa = PBXVariantGroup;
			children = (
				0B2768AB1D78E6E100EA659D /* Base */,
			);
			name = LaunchScreen.storyboard;
			sourceTree = "<group>";
		};
/* End PBXVariantGroup section */

/* Begin XCBuildConfiguration section */
		0B2768AE1D78E6E100EA659D /* Debug */ = {
			isa = XCBuildConfiguration;
			buildSettings = {
				ALWAYS_SEARCH_USER_PATHS = NO;
				CLANG_ANALYZER_NONNULL = YES;
				CLANG_CXX_LANGUAGE_STANDARD = "gnu++0x";
				CLANG_CXX_LIBRARY = "libc++";
				CLANG_ENABLE_MODULES = YES;
				CLANG_ENABLE_OBJC_ARC = YES;
				CLANG_WARN_BOOL_CONVERSION = YES;
				CLANG_WARN_CONSTANT_CONVERSION = YES;
				CLANG_WARN_DIRECT_OBJC_ISA_USAGE = YES_ERROR;
				CLANG_WARN_EMPTY_BODY = YES;
				CLANG_WARN_ENUM_CONVERSION = YES;
				CLANG_WARN_INT_CONVERSION = YES;
				CLANG_WARN_OBJC_ROOT_CLASS = YES_ERROR;
				CLANG_WARN_UNREACHABLE_CODE = YES;
				CLANG_WARN__DUPLICATE_METHOD_MATCH = YES;
				"CODE_SIGN_IDENTITY[sdk=iphoneos*]" = "iPhone Developer";
				COPY_PHASE_STRIP = NO;
				DEBUG_INFORMATION_FORMAT = dwarf;
				ENABLE_STRICT_OBJC_MSGSEND = YES;
				ENABLE_TESTABILITY = YES;
				GCC_C_LANGUAGE_STANDARD = gnu99;
				GCC_DYNAMIC_NO_PIC = NO;
				GCC_NO_COMMON_BLOCKS = YES;
				GCC_OPTIMIZATION_LEVEL = 0;
				GCC_PREPROCESSOR_DEFINITIONS = (
					"DEBUG=1",
					"$(inherited)",
				);
				GCC_WARN_64_TO_32_BIT_CONVERSION = YES;
				GCC_WARN_ABOUT_RETURN_TYPE = YES_ERROR;
				GCC_WARN_UNDECLARED_SELECTOR = YES;
				GCC_WARN_UNINITIALIZED_AUTOS = YES_AGGRESSIVE;
				GCC_WARN_UNUSED_FUNCTION = YES;
				GCC_WARN_UNUSED_VARIABLE = YES;
				IPHONEOS_DEPLOYMENT_TARGET = 9.3;
				MTL_ENABLE_DEBUG_INFO = YES;
				ONLY_ACTIVE_ARCH = YES;
				SDKROOT = iphoneos;
				SWIFT_OPTIMIZATION_LEVEL = "-Onone";
				TARGETED_DEVICE_FAMILY = "1,2";
			};
			name = Debug;
		};
		0B2768AF1D78E6E100EA659D /* Release */ = {
			isa = XCBuildConfiguration;
			buildSettings = {
				ALWAYS_SEARCH_USER_PATHS = NO;
				CLANG_ANALYZER_NONNULL = YES;
				CLANG_CXX_LANGUAGE_STANDARD = "gnu++0x";
				CLANG_CXX_LIBRARY = "libc++";
				CLANG_ENABLE_MODULES = YES;
				CLANG_ENABLE_OBJC_ARC = YES;
				CLANG_WARN_BOOL_CONVERSION = YES;
				CLANG_WARN_CONSTANT_CONVERSION = YES;
				CLANG_WARN_DIRECT_OBJC_ISA_USAGE = YES_ERROR;
				CLANG_WARN_EMPTY_BODY = YES;
				CLANG_WARN_ENUM_CONVERSION = YES;
				CLANG_WARN_INT_CONVERSION = YES;
				CLANG_WARN_OBJC_ROOT_CLASS = YES_ERROR;
				CLANG_WARN_UNREACHABLE_CODE = YES;
				CLANG_WARN__DUPLICATE_METHOD_MATCH = YES;
				"CODE_SIGN_IDENTITY[sdk=iphoneos*]" = "iPhone Developer";
				COPY_PHASE_STRIP = NO;
				DEBUG_INFORMATION_FORMAT = "dwarf-with-dsym";
				ENABLE_NS_ASSERTIONS = NO;
				ENABLE_STRICT_OBJC_MSGSEND = YES;
				GCC_C_LANGUAGE_STANDARD = gnu99;
				GCC_NO_COMMON_BLOCKS = YES;
				GCC_WARN_64_TO_32_BIT_CONVERSION = YES;
				GCC_WARN_ABOUT_RETURN_TYPE = YES_ERROR;
				GCC_WARN_UNDECLARED_SELECTOR = YES;
				GCC_WARN_UNINITIALIZED_AUTOS = YES_AGGRESSIVE;
				GCC_WARN_UNUSED_FUNCTION = YES;
				GCC_WARN_UNUSED_VARIABLE = YES;
				IPHONEOS_DEPLOYMENT_TARGET = 9.3;
				MTL_ENABLE_DEBUG_INFO = NO;
				SDKROOT = iphoneos;
				TARGETED_DEVICE_FAMILY = "1,2";
				VALIDATE_PRODUCT = YES;
			};
			name = Release;
		};
		0B2768B11D78E6E100EA659D /* Debug */ = {
			isa = XCBuildConfiguration;
			buildSettings = {
				ASSETCATALOG_COMPILER_APPICON_NAME = AppIcon;
				INFOPLIST_FILE = "my-hood/Info.plist";
				LD_RUNPATH_SEARCH_PATHS = "$(inherited) @executable_path/Frameworks";
				PRODUCT_BUNDLE_IDENTIFIER = "com.acmelabs.my-hood";
				PRODUCT_NAME = "$(TARGET_NAME)";
			};
			name = Debug;
		};
		0B2768B21D78E6E100EA659D /* Release */ = {
			isa = XCBuildConfiguration;
			buildSettings = {
				ASSETCATALOG_COMPILER_APPICON_NAME = AppIcon;
				INFOPLIST_FILE = "my-hood/Info.plist";
				LD_RUNPATH_SEARCH_PATHS = "$(inherited) @executable_path/Frameworks";
				PRODUCT_BUNDLE_IDENTIFIER = "com.acmelabs.my-hood";
				PRODUCT_NAME = "$(TARGET_NAME)";
			};
			name = Release;
		};
/* End XCBuildConfiguration section */

/* Begin XCConfigurationList section */
		0B2768991D78E6E100EA659D /* Build configuration list for PBXProject "my-hood" */ = {
			isa = XCConfigurationList;
			buildConfigurations = (
				0B2768AE1D78E6E100EA659D /* Debug */,
				0B2768AF1D78E6E100EA659D /* Release */,
			);
			defaultConfigurationIsVisible = 0;
			defaultConfigurationName = Release;
		};
		0B2768B01D78E6E100EA659D /* Build configuration list for PBXNativeTarget "my-hood" */ = {
			isa = XCConfigurationList;
			buildConfigurations = (
				0B2768B11D78E6E100EA659D /* Debug */,
				0B2768B21D78E6E100EA659D /* Release */,
			);
			defaultConfigurationIsVisible = 0;
		};
/* End XCConfigurationList section */
	};
	rootObject = 0B2768961D78E6E100EA659D /* Project object */;
}
